Microsoft Visual Studio Solution File, Format Version 12.00
# Visual Studio Version 17
VisualStudioVersion = 17.5.2.0
MinimumVisualStudioVersion = 10.0.40219.1
Project("{FAE04EC0-301F-11D3-BF4B-00C04F79EFBC}") = "MyBlogAppClient", "MyBlogAppClient.csproj", "{18AE42FC-7C65-CA5E-307F-ED9E162284E7}"
EndProject
Global
	GlobalSection(SolutionConfigurationPlatforms) = preSolution
		Debug|Any CPU = Debug|Any CPU
		Release|Any CPU = Release|Any CPU
	EndGlobalSection
	GlobalSection(ProjectConfigurationPlatforms) = postSolution
		{18AE42FC-7C65-CA5E-307F-ED9E162284E7}.Debug|Any CPU.ActiveCfg = Debug|Any CPU
		{18AE42FC-7C65-CA5E-307F-ED9E162284E7}.Debug|Any CPU.Build.0 = Debug|Any CPU
		{18AE42FC-7C65-CA5E-307F-ED9E162284E7}.Release|Any CPU.ActiveCfg = Release|Any CPU
		{18AE42FC-7C65-CA5E-307F-ED9E162284E7}.Release|Any CPU.Build.0 = Release|Any CPU
	EndGlobalSection
	GlobalSection(SolutionProperties) = preSolution
		HideSolutionNode = FALSE
	EndGlobalSection
	GlobalSection(ExtensibilityGlobals) = postSolution
		SolutionGuid = {88E716D8-6473-44D3-9D87-5991F6AD8303}
	EndGlobalSection
EndGlobal
